// !$*UTF8*$!
{
	archiveVersion = 1;
	classes = {
	};
	objectVersion = 56;
	objects = {

/* Begin PBXBuildFile section */
		7BA0DD0429D3331C00BF13E1 /* BmiCalcApp.swift in Sources */ = {isa = PBXBuildFile; fileRef = 7BA0DD0329D3331C00BF13E1 /* BmiCalcApp.swift */; };
		7BA0DD0629D3331C00BF13E1 /* ContentView.swift in Sources */ = {isa = PBXBuildFile; fileRef = 7BA0DD0529D3331C00BF13E1 /* ContentView.swift */; };
		7BA0DD0829D3331D00BF13E1 /* Assets.xcassets in Resources */ = {isa = PBXBuildFile; fileRef = 7BA0DD0729D3331D00BF13E1 /* Assets.xcassets */; };
		7BA0DD0B29D3331D00BF13E1 /* Preview Assets.xcassets in Resources */ = {isa = PBXBuildFile; fileRef = 7BA0DD0A29D3331D00BF13E1 /* Preview Assets.xcassets */; };
		7BA0DD1529D3331D00BF13E1 /* BmiCalcTests.swift in Sources */ = {isa = PBXBuildFile; fileRef = 7BA0DD1429D3331D00BF13E1 /* BmiCalcTests.swift */; };
		7BA0DD1F29D3331D00BF13E1 /* BmiCalcUITests.swift in Sources */ = {isa = PBXBuildFile; fileRef = 7BA0DD1E29D3331D00BF13E1 /* BmiCalcUITests.swift */; };
		7BA0DD2129D3331D00BF13E1 /* BmiCalcUITestsLaunchTests.swift in Sources */ = {isa = PBXBuildFile; fileRef = 7BA0DD2029D3331D00BF13E1 /* BmiCalcUITestsLaunchTests.swift */; };
/* End PBXBuildFile section */

/* Begin PBXContainerItemProxy section */
		7BA0DD1129D3331D00BF13E1 /* PBXContainerItemProxy */ = {
			isa = PBXContainerItemProxy;
			containerPortal = 7BA0DCF829D3331C00BF13E1 /* Project object */;
			proxyType = 1;
			remoteGlobalIDString = 7BA0DCFF29D3331C00BF13E1;
			remoteInfo = BmiCalc;
		};
		7BA0DD1B29D3331D00BF13E1 /* PBXContainerItemProxy */ = {
			isa = PBXContainerItemProxy;
			containerPortal = 7BA0DCF829D3331C00BF13E1 /* Project object */;
			proxyType = 1;
			remoteGlobalIDString = 7BA0DCFF29D3331C00BF13E1;
			remoteInfo = BmiCalc;
		};
/* End PBXContainerItemProxy section */

/* Begin PBXFileReference section */
		7BA0DD0029D3331C00BF13E1 /* BmiCalc.app */ = {isa = PBXFileReference; explicitFileType = wrapper.application; includeInIndex = 0; path = BmiCalc.app; sourceTree = BUILT_PRODUCTS_DIR; };
		7BA0DD0329D3331C00BF13E1 /* BmiCalcApp.swift */ = {isa = PBXFileReference; lastKnownFileType = sourcecode.swift; path = BmiCalcApp.swift; sourceTree = "<group>"; };
		7BA0DD0529D3331C00BF13E1 /* ContentView.swift */ = {isa = PBXFileReference; lastKnownFileType = sourcecode.swift; path = ContentView.swift; sourceTree = "<group>"; };
		7BA0DD0729D3331D00BF13E1 /* Assets.xcassets */ = {isa = PBXFileReference; lastKnownFileType = folder.assetcatalog; path = Assets.xcassets; sourceTree = "<group>"; };
		7BA0DD0A29D3331D00BF13E1 /* Preview Assets.xcassets */ = {isa = PBXFileReference; lastKnownFileType = folder.assetcatalog; path = "Preview Assets.xcassets"; sourceTree = "<group>"; };
		7BA0DD1029D3331D00BF13E1 /* BmiCalcTests.xctest */ = {isa = PBXFileReference; explicitFileType = wrapper.cfbundle; includeInIndex = 0; path = BmiCalcTests.xctest; sourceTree = BUILT_PRODUCTS_DIR; };
		7BA0DD1429D3331D00BF13E1 /* BmiCalcTests.swift */ = {isa = PBXFileReference; lastKnownFileType = sourcecode.swift; path = BmiCalcTests.swift; sourceTree = "<group>"; };
		7BA0DD1A29D3331D00BF13E1 /* BmiCalcUITests.xctest */ = {isa = PBXFileReference; explicitFileType = wrapper.cfbundle; includeInIndex = 0; path = BmiCalcUITests.xctest; sourceTree = BUILT_PRODUCTS_DIR; };
		7BA0DD1E29D3331D00BF13E1 /* BmiCalcUITests.swift */ = {isa = PBXFileReference; lastKnownFileType = sourcecode.swift; path = BmiCalcUITests.swift; sourceTree = "<group>"; };
		7BA0DD2029D3331D00BF13E1 /* BmiCalcUITestsLaunchTests.swift */ = {isa = PBXFileReference; lastKnownFileType = sourcecode.swift; path = BmiCalcUITestsLaunchTests.swift; sourceTree = "<group>"; };
/* End PBXFileReference section */

/* Begin PBXFrameworksBuildPhase section */
		7BA0DCFD29D3331C00BF13E1 /* Frameworks */ = {
			isa = PBXFrameworksBuildPhase;
			buildActionMask = 2147483647;
			files = (
			);
			runOnlyForDeploymentPostprocessing = 0;
		};
		7BA0DD0D29D3331D00BF13E1 /* Frameworks */ = {
			isa = PBXFrameworksBuildPhase;
			buildActionMask = 2147483647;
			files = (
			);
			runOnlyForDeploymentPostprocessing = 0;
		};
		7BA0DD1729D3331D00BF13E1 /* Frameworks */ = {
			isa = PBXFrameworksBuildPhase;
			buildActionMask = 2147483647;
			files = (
			);
			runOnlyForDeploymentPostprocessing = 0;
		};
/* End PBXFrameworksBuildPhase section */

/* Begin PBXGroup section */
		7BA0DCF729D3331C00BF13E1 = {
			isa = PBXGroup;
			children = (
				7BA0DD0229D3331C00BF13E1 /* BmiCalc */,
				7BA0DD1329D3331D00BF13E1 /* BmiCalcTests */,
				7BA0DD1D29D3331D00BF13E1 /* BmiCalcUITests */,
				7BA0DD0129D3331C00BF13E1 /* Products */,
			);
			sourceTree = "<group>";
		};
		7BA0DD0129D3331C00BF13E1 /* Products */ = {
			isa = PBXGroup;
			children = (
				7BA0DD0029D3331C00BF13E1 /* BmiCalc.app */,
				7BA0DD1029D3331D00BF13E1 /* BmiCalcTests.xctest */,
				7BA0DD1A29D3331D00BF13E1 /* BmiCalcUITests.xctest */,
			);
			name = Products;
			sourceTree = "<group>";
		};
		7BA0DD0229D3331C00BF13E1 /* BmiCalc */ = {
			isa = PBXGroup;
			children = (
				7BA0DD0329D3331C00BF13E1 /* BmiCalcApp.swift */,
				7BA0DD0529D3331C00BF13E1 /* ContentView.swift */,
				7BA0DD0729D3331D00BF13E1 /* Assets.xcassets */,
				7BA0DD0929D3331D00BF13E1 /* Preview Content */,
			);
			path = BmiCalc;
			sourceTree = "<group>";
		};
		7BA0DD0929D3331D00BF13E1 /* Preview Content */ = {
			isa = PBXGroup;
			children = (
				7BA0DD0A29D3331D00BF13E1 /* Preview Assets.xcassets */,
			);
			path = "Preview Content";
			sourceTree = "<group>";
		};
		7BA0DD1329D3331D00BF13E1 /* BmiCalcTests */ = {
			isa = PBXGroup;
			children = (
				7BA0DD1429D3331D00BF13E1 /* BmiCalcTests.swift */,
			);
			path = BmiCalcTests;
			sourceTree = "<group>";
		};
		7BA0DD1D29D3331D00BF13E1 /* BmiCalcUITests */ = {
			isa = PBXGroup;
			children = (
				7BA0DD1E29D3331D00BF13E1 /* BmiCalcUITests.swift */,
				7BA0DD2029D3331D00BF13E1 /* BmiCalcUITestsLaunchTests.swift */,
			);
			path = BmiCalcUITests;
			sourceTree = "<group>";
		};
/* End PBXGroup section */

/* Begin PBXNativeTarget section */
		7BA0DCFF29D3331C00BF13E1 /* BmiCalc */ = {
			isa = PBXNativeTarget;
			buildConfigurationList = 7BA0DD2429D3331D00BF13E1 /* Build configuration list for PBXNativeTarget "BmiCalc" */;
			buildPhases = (
				7BA0DCFC29D3331C00BF13E1 /* Sources */,
				7BA0DCFD29D3331C00BF13E1 /* Frameworks */,
				7BA0DCFE29D3331C00BF13E1 /* Resources */,
			);
			buildRules = (
			);
			dependencies = (
			);
			name = BmiCalc;
			productName = BmiCalc;
			productReference = 7BA0DD0029D3331C00BF13E1 /* BmiCalc.app */;
			productType = "com.apple.product-type.application";
		};
		7BA0DD0F29D3331D00BF13E1 /* BmiCalcTests */ = {
			isa = PBXNativeTarget;
			buildConfigurationList = 7BA0DD2729D3331D00BF13E1 /* Build configuration list for PBXNativeTarget "BmiCalcTests" */;
			buildPhases = (
				7BA0DD0C29D3331D00BF13E1 /* Sources */,
				7BA0DD0D29D3331D00BF13E1 /* Frameworks */,
				7BA0DD0E29D3331D00BF13E1 /* Resources */,
			);
			buildRules = (
			);
			dependencies = (
				7BA0DD1229D3331D00BF13E1 /* PBXTargetDependency */,
			);
			name = BmiCalcTests;
			productName = BmiCalcTests;
			productReference = 7BA0DD1029D3331D00BF13E1 /* BmiCalcTests.xctest */;
			productType = "com.apple.product-type.bundle.unit-test";
		};
		7BA0DD1929D3331D00BF13E1 /* BmiCalcUITests */ = {
			isa = PBXNativeTarget;
			buildConfigurationList = 7BA0DD2A29D3331D00BF13E1 /* Build configuration list for PBXNativeTarget "BmiCalcUITests" */;
			buildPhases = (
				7BA0DD1629D3331D00BF13E1 /* Sources */,
				7BA0DD1729D3331D00BF13E1 /* Frameworks */,
				7BA0DD1829D3331D00BF13E1 /* Resources */,
			);
			buildRules = (
			);
			dependencies = (
				7BA0DD1C29D3331D00BF13E1 /* PBXTargetDependency */,
			);
			name = BmiCalcUITests;
			productName = BmiCalcUITests;
			productReference = 7BA0DD1A29D3331D00BF13E1 /* BmiCalcUITests.xctest */;
			productType = "com.apple.product-type.bundle.ui-testing";
		};
/* End PBXNativeTarget section */

/* Begin PBXProject section */
		7BA0DCF829D3331C00BF13E1 /* Project object */ = {
			isa = PBXProject;
			attributes = {
				BuildIndependentTargetsInParallel = 1;
				LastSwiftUpdateCheck = 1420;
				LastUpgradeCheck = 1420;
				TargetAttributes = {
					7BA0DCFF29D3331C00BF13E1 = {
						CreatedOnToolsVersion = 14.2;
					};
					7BA0DD0F29D3331D00BF13E1 = {
						CreatedOnToolsVersion = 14.2;
						TestTargetID = 7BA0DCFF29D3331C00BF13E1;
					};
					7BA0DD1929D3331D00BF13E1 = {
						CreatedOnToolsVersion = 14.2;
						TestTargetID = 7BA0DCFF29D3331C00BF13E1;
					};
				};
			};
			buildConfigurationList = 7BA0DCFB29D3331C00BF13E1 /* Build configuration list for PBXProject "BmiCalc" */;
			compatibilityVersion = "Xcode 14.0";
			developmentRegion = en;
			hasScannedForEncodings = 0;
			knownRegions = (
				en,
				Base,
			);
			mainGroup = 7BA0DCF729D3331C00BF13E1;
			productRefGroup = 7BA0DD0129D3331C00BF13E1 /* Products */;
			projectDirPath = "";
			projectRoot = "";
			targets = (
				7BA0DCFF29D3331C00BF13E1 /* BmiCalc */,
				7BA0DD0F29D3331D00BF13E1 /* BmiCalcTests */,
				7BA0DD1929D3331D00BF13E1 /* BmiCalcUITests */,
			);
		};
/* End PBXProject section */

/* Begin PBXResourcesBuildPhase section */
		7BA0DCFE29D3331C00BF13E1 /* Resources */ = {
			isa = PBXResourcesBuildPhase;
			buildActionMask = 2147483647;
			files = (
				7BA0DD0B29D3331D00BF13E1 /* Preview Assets.xcassets in Resources */,
				7BA0DD0829D3331D00BF13E1 /* Assets.xcassets in Resources */,
			);
			runOnlyForDeploymentPostprocessing = 0;
		};
		7BA0DD0E29D3331D00BF13E1 /* Resources */ = {
			isa = PBXResourcesBuildPhase;
			buildActionMask = 2147483647;
			files = (
			);
			runOnlyForDeploymentPostprocessing = 0;
		};
		7BA0DD1829D3331D00BF13E1 /* Resources */ = {
			isa = PBXResourcesBuildPhase;
			buildActionMask = 2147483647;
			files = (
			);
			runOnlyForDeploymentPostprocessing = 0;
		};
/* End PBXResourcesBuildPhase section */

/* Begin PBXSourcesBuildPhase section */
		7BA0DCFC29D3331C00BF13E1 /* Sources */ = {
			isa = PBXSourcesBuildPhase;
			buildActionMask = 2147483647;
			files = (
				7BA0DD0629D3331C00BF13E1 /* ContentView.swift in Sources */,
				7BA0DD0429D3331C00BF13E1 /* BmiCalcApp.swift in Sources */,
			);
			runOnlyForDeploymentPostprocessing = 0;
		};
		7BA0DD0C29D3331D00BF13E1 /* Sources */ = {
			isa = PBXSourcesBuildPhase;
			buildActionMask = 2147483647;
			files = (
				7BA0DD1529D3331D00BF13E1 /* BmiCalcTests.swift in Sources */,
			);
			runOnlyForDeploymentPostprocessing = 0;
		};
		7BA0DD1629D3331D00BF13E1 /* Sources */ = {
			isa = PBXSourcesBuildPhase;
			buildActionMask = 2147483647;
			files = (
				7BA0DD2129D3331D00BF13E1 /* BmiCalcUITestsLaunchTests.swift in Sources */,
				7BA0DD1F29D3331D00BF13E1 /* BmiCalcUITests.swift in Sources */,
			);
			runOnlyForDeploymentPostprocessing = 0;
		};
/* End PBXSourcesBuildPhase section */

/* Begin PBXTargetDependency section */
		7BA0DD1229D3331D00BF13E1 /* PBXTargetDependency */ = {
			isa = PBXTargetDependency;
			target = 7BA0DCFF29D3331C00BF13E1 /* BmiCalc */;
			targetProxy = 7BA0DD1129D3331D00BF13E1 /* PBXContainerItemProxy */;
		};
		7BA0DD1C29D3331D00BF13E1 /* PBXTargetDependency */ = {
			isa = PBXTargetDependency;
			target = 7BA0DCFF29D3331C00BF13E1 /* BmiCalc */;
			targetProxy = 7BA0DD1B29D3331D00BF13E1 /* PBXContainerItemProxy */;
		};
/* End PBXTargetDependency section */

/* Begin XCBuildConfiguration section */
		7BA0DD2229D3331D00BF13E1 /* Debug */ = {
			isa = XCBuildConfiguration;
			buildSettings = {
				ALWAYS_SEARCH_USER_PATHS = NO;
				CLANG_ANALYZER_NONNULL = YES;
				CLANG_ANALYZER_NUMBER_OBJECT_CONVERSION = YES_AGGRESSIVE;
				CLANG_CXX_LANGUAGE_STANDARD = "gnu++20";
				CLANG_ENABLE_MODULES = YES;
				CLANG_ENABLE_OBJC_ARC = YES;
				CLANG_ENABLE_OBJC_WEAK = YES;
				CLANG_WARN_BLOCK_CAPTURE_AUTORELEASING = YES;
				CLANG_WARN_BOOL_CONVERSION = YES;
				CLANG_WARN_COMMA = YES;
				CLANG_WARN_CONSTANT_CONVERSION = YES;
				CLANG_WARN_DEPRECATED_OBJC_IMPLEMENTATIONS = YES;
				CLANG_WARN_DIRECT_OBJC_ISA_USAGE = YES_ERROR;
				CLANG_WARN_DOCUMENTATION_COMMENTS = YES;
				CLANG_WARN_EMPTY_BODY = YES;
				CLANG_WARN_ENUM_CONVERSION = YES;
				CLANG_WARN_INFINITE_RECURSION = YES;
				CLANG_WARN_INT_CONVERSION = YES;
				CLANG_WARN_NON_LITERAL_NULL_CONVERSION = YES;
				CLANG_WARN_OBJC_IMPLICIT_RETAIN_SELF = YES;
				CLANG_WARN_OBJC_LITERAL_CONVERSION = YES;
				CLANG_WARN_OBJC_ROOT_CLASS = YES_ERROR;
				CLANG_WARN_QUOTED_INCLUDE_IN_FRAMEWORK_HEADER = YES;
				CLANG_WARN_RANGE_LOOP_ANALYSIS = YES;
				CLANG_WARN_STRICT_PROTOTYPES = YES;
				CLANG_WARN_SUSPICIOUS_MOVE = YES;
				CLANG_WARN_UNGUARDED_AVAILABILITY = YES_AGGRESSIVE;
				CLANG_WARN_UNREACHABLE_CODE = YES;
				CLANG_WARN__DUPLICATE_METHOD_MATCH = YES;
				COPY_PHASE_STRIP = NO;
				DEBUG_INFORMATION_FORMAT = dwarf;
				ENABLE_STRICT_OBJC_MSGSEND = YES;
				ENABLE_TESTABILITY = YES;
				GCC_C_LANGUAGE_STANDARD = gnu11;
				GCC_DYNAMIC_NO_PIC = NO;
				GCC_NO_COMMON_BLOCKS = YES;
				GCC_OPTIMIZATION_LEVEL = 0;
				GCC_PREPROCESSOR_DEFINITIONS = (
					"DEBUG=1",
					"$(inherited)",
				);
				GCC_WARN_64_TO_32_BIT_CONVERSION = YES;
				GCC_WARN_ABOUT_RETURN_TYPE = YES_ERROR;
				GCC_WARN_UNDECLARED_SELECTOR = YES;
				GCC_WARN_UNINITIALIZED_AUTOS = YES_AGGRESSIVE;
				GCC_WARN_UNUSED_FUNCTION = YES;
				GCC_WARN_UNUSED_VARIABLE = YES;
				IPHONEOS_DEPLOYMENT_TARGET = 16.2;
				MTL_ENABLE_DEBUG_INFO = INCLUDE_SOURCE;
				MTL_FAST_MATH = YES;
				ONLY_ACTIVE_ARCH = YES;
				SDKROOT = iphoneos;
				SWIFT_ACTIVE_COMPILATION_CONDITIONS = DEBUG;
				SWIFT_OPTIMIZATION_LEVEL = "-Onone";
			};
			name = Debug;
		};
		7BA0DD2329D3331D00BF13E1 /* Release */ = {
			isa = XCBuildConfiguration;
			buildSettings = {
				ALWAYS_SEARCH_USER_PATHS = NO;
				CLANG_ANALYZER_NONNULL = YES;
				CLANG_ANALYZER_NUMBER_OBJECT_CONVERSION = YES_AGGRESSIVE;
				CLANG_CXX_LANGUAGE_STANDARD = "gnu++20";
				CLANG_ENABLE_MODULES = YES;
				CLANG_ENABLE_OBJC_ARC = YES;
				CLANG_ENABLE_OBJC_WEAK = YES;
				CLANG_WARN_BLOCK_CAPTURE_AUTORELEASING = YES;
				CLANG_WARN_BOOL_CONVERSION = YES;
				CLANG_WARN_COMMA = YES;
				CLANG_WARN_CONSTANT_CONVERSION = YES;
				CLANG_WARN_DEPRECATED_OBJC_IMPLEMENTATIONS = YES;
				CLANG_WARN_DIRECT_OBJC_ISA_USAGE = YES_ERROR;
				CLANG_WARN_DOCUMENTATION_COMMENTS = YES;
				CLANG_WARN_EMPTY_BODY = YES;
				CLANG_WARN_ENUM_CONVERSION = YES;
				CLANG_WARN_INFINITE_RECURSION = YES;
				CLANG_WARN_INT_CONVERSION = YES;
				CLANG_WARN_NON_LITERAL_NULL_CONVERSION = YES;
				CLANG_WARN_OBJC_IMPLICIT_RETAIN_SELF = YES;
				CLANG_WARN_OBJC_LITERAL_CONVERSION = YES;
				CLANG_WARN_OBJC_ROOT_CLASS = YES_ERROR;
				CLANG_WARN_QUOTED_INCLUDE_IN_FRAMEWORK_HEADER = YES;
				CLANG_WARN_RANGE_LOOP_ANALYSIS = YES;
				CLANG_WARN_STRICT_PROTOTYPES = YES;
				CLANG_WARN_SUSPICIOUS_MOVE = YES;
				CLANG_WARN_UNGUARDED_AVAILABILITY = YES_AGGRESSIVE;
				CLANG_WARN_UNREACHABLE_CODE = YES;
				CLANG_WARN__DUPLICATE_METHOD_MATCH = YES;
				COPY_PHASE_STRIP = NO;
				DEBUG_INFORMATION_FORMAT = "dwarf-with-dsym";
				ENABLE_NS_ASSERTIONS = NO;
				ENABLE_STRICT_OBJC_MSGSEND = YES;
				GCC_C_LANGUAGE_STANDARD = gnu11;
				GCC_NO_COMMON_BLOCKS = YES;
				GCC_WARN_64_TO_32_BIT_CONVERSION = YES;
				GCC_WARN_ABOUT_RETURN_TYPE = YES_ERROR;
				GCC_WARN_UNDECLARED_SELECTOR = YES;
				GCC_WARN_UNINITIALIZED_AUTOS = YES_AGGRESSIVE;
				GCC_WARN_UNUSED_FUNCTION = YES;
				GCC_WARN_UNUSED_VARIABLE = YES;
				IPHONEOS_DEPLOYMENT_TARGET = 16.2;
				MTL_ENABLE_DEBUG_INFO = NO;
				MTL_FAST_MATH = YES;
				SDKROOT = iphoneos;
				SWIFT_COMPILATION_MODE = wholemodule;
				SWIFT_OPTIMIZATION_LEVEL = "-O";
				VALIDATE_PRODUCT = YES;
			};
			name = Release;
		};
		7BA0DD2529D3331D00BF13E1 /* Debug */ = {
			isa = XCBuildConfiguration;
			buildSettings = {
				ASSETCATALOG_COMPILER_APPICON_NAME = AppIcon;
				ASSETCATALOG_COMPILER_GLOBAL_ACCENT_COLOR_NAME = AccentColor;
				CODE_SIGN_STYLE = Automatic;
				CURRENT_PROJECT_VERSION = 1;
				DEVELOPMENT_ASSET_PATHS = "\"BmiCalc/Preview Content\"";
				ENABLE_PREVIEWS = YES;
				GENERATE_INFOPLIST_FILE = YES;
				INFOPLIST_KEY_UIApplicationSceneManifest_Generation = YES;
				INFOPLIST_KEY_UIApplicationSupportsIndirectInputEvents = YES;
				INFOPLIST_KEY_UILaunchScreen_Generation = YES;
				INFOPLIST_KEY_UISupportedInterfaceOrientations_iPad = "UIInterfaceOrientationPortrait UIInterfaceOrientationPortraitUpsideDown UIInterfaceOrientationLandscapeLeft UIInterfaceOrientationLandscapeRight";
				INFOPLIST_KEY_UISupportedInterfaceOrientations_iPhone = "UIInterfaceOrientationPortrait UIInterfaceOrientationLandscapeLeft UIInterfaceOrientationLandscapeRight";
				LD_RUNPATH_SEARCH_PATHS = (
					"$(inherited)",
					"@executable_path/Frameworks",
				);
				MARKETING_VERSION = 1.0;
				PRODUCT_BUNDLE_IDENTIFIER = wolczi.BmiCalc;
				PRODUCT_NAME = "$(TARGET_NAME)";
				SWIFT_EMIT_LOC_STRINGS = YES;
				SWIFT_VERSION = 5.0;
				TARGETED_DEVICE_FAMILY = "1,2";
			};
			name = Debug;
		};
		7BA0DD2629D3331D00BF13E1 /* Release */ = {
			isa = XCBuildConfiguration;
			buildSettings = {
				ASSETCATALOG_COMPILER_APPICON_NAME = AppIcon;
				ASSETCATALOG_COMPILER_GLOBAL_ACCENT_COLOR_NAME = AccentColor;
				CODE_SIGN_STYLE = Automatic;
				CURRENT_PROJECT_VERSION = 1;
				DEVELOPMENT_ASSET_PATHS = "\"BmiCalc/Preview Content\"";
				ENABLE_PREVIEWS = YES;
				GENERATE_INFOPLIST_FILE = YES;
				INFOPLIST_KEY_UIApplicationSceneManifest_Generation = YES;
				INFOPLIST_KEY_UIApplicationSupportsIndirectInputEvents = YES;
				INFOPLIST_KEY_UILaunchScreen_Generation = YES;
				INFOPLIST_KEY_UISupportedInterfaceOrientations_iPad = "UIInterfaceOrientationPortrait UIInterfaceOrientationPortraitUpsideDown UIInterfaceOrientationLandscapeLeft UIInterfaceOrientationLandscapeRight";
				INFOPLIST_KEY_UISupportedInterfaceOrientations_iPhone = "UIInterfaceOrientationPortrait UIInterfaceOrientationLandscapeLeft UIInterfaceOrientationLandscapeRight";
				LD_RUNPATH_SEARCH_PATHS = (
					"$(inherited)",
					"@executable_path/Frameworks",
				);
				MARKETING_VERSION = 1.0;
				PRODUCT_BUNDLE_IDENTIFIER = wolczi.BmiCalc;
				PRODUCT_NAME = "$(TARGET_NAME)";
				SWIFT_EMIT_LOC_STRINGS = YES;
				SWIFT_VERSION = 5.0;
				TARGETED_DEVICE_FAMILY = "1,2";
			};
			name = Release;
		};
		7BA0DD2829D3331D00BF13E1 /* Debug */ = {
			isa = XCBuildConfiguration;
			buildSettings = {
				ALWAYS_EMBED_SWIFT_STANDARD_LIBRARIES = YES;
				BUNDLE_LOADER = "$(TEST_HOST)";
				CODE_SIGN_STYLE = Automatic;
				CURRENT_PROJECT_VERSION = 1;
				GENERATE_INFOPLIST_FILE = YES;
				IPHONEOS_DEPLOYMENT_TARGET = 16.2;
				MARKETING_VERSION = 1.0;
				PRODUCT_BUNDLE_IDENTIFIER = wolczi.BmiCalcTests;
				PRODUCT_NAME = "$(TARGET_NAME)";
				SWIFT_EMIT_LOC_STRINGS = NO;
				SWIFT_VERSION = 5.0;
				TARGETED_DEVICE_FAMILY = "1,2";
				TEST_HOST = "$(BUILT_PRODUCTS_DIR)/BmiCalc.app/$(BUNDLE_EXECUTABLE_FOLDER_PATH)/BmiCalc";
			};
			name = Debug;
		};
		7BA0DD2929D3331D00BF13E1 /* Release */ = {
			isa = XCBuildConfiguration;
			buildSettings = {
				ALWAYS_EMBED_SWIFT_STANDARD_LIBRARIES = YES;
				BUNDLE_LOADER = "$(TEST_HOST)";
				CODE_SIGN_STYLE = Automatic;
				CURRENT_PROJECT_VERSION = 1;
				GENERATE_INFOPLIST_FILE = YES;
				IPHONEOS_DEPLOYMENT_TARGET = 16.2;
				MARKETING_VERSION = 1.0;
				PRODUCT_BUNDLE_IDENTIFIER = wolczi.BmiCalcTests;
				PRODUCT_NAME = "$(TARGET_NAME)";
				SWIFT_EMIT_LOC_STRINGS = NO;
				SWIFT_VERSION = 5.0;
				TARGETED_DEVICE_FAMILY = "1,2";
				TEST_HOST = "$(BUILT_PRODUCTS_DIR)/BmiCalc.app/$(BUNDLE_EXECUTABLE_FOLDER_PATH)/BmiCalc";
			};
			name = Release;
		};
		7BA0DD2B29D3331D00BF13E1 /* Debug */ = {
			isa = XCBuildConfiguration;
			buildSettings = {
				ALWAYS_EMBED_SWIFT_STANDARD_LIBRARIES = YES;
				CODE_SIGN_STYLE = Automatic;
				CURRENT_PROJECT_VERSION = 1;
				GENERATE_INFOPLIST_FILE = YES;
				MARKETING_VERSION = 1.0;
				PRODUCT_BUNDLE_IDENTIFIER = wolczi.BmiCalcUITests;
				PRODUCT_NAME = "$(TARGET_NAME)";
				SWIFT_EMIT_LOC_STRINGS = NO;
				SWIFT_VERSION = 5.0;
				TARGETED_DEVICE_FAMILY = "1,2";
				TEST_TARGET_NAME = BmiCalc;
			};
			name = Debug;
		};
		7BA0DD2C29D3331D00BF13E1 /* Release */ = {
			isa = XCBuildConfiguration;
			buildSettings = {
				ALWAYS_EMBED_SWIFT_STANDARD_LIBRARIES = YES;
				CODE_SIGN_STYLE = Automatic;
				CURRENT_PROJECT_VERSION = 1;
				GENERATE_INFOPLIST_FILE = YES;
				MARKETING_VERSION = 1.0;
				PRODUCT_BUNDLE_IDENTIFIER = wolczi.BmiCalcUITests;
				PRODUCT_NAME = "$(TARGET_NAME)";
				SWIFT_EMIT_LOC_STRINGS = NO;
				SWIFT_VERSION = 5.0;
				TARGETED_DEVICE_FAMILY = "1,2";
				TEST_TARGET_NAME = BmiCalc;
			};
			name = Release;
		};
/* End XCBuildConfiguration section */

/* Begin XCConfigurationList section */
		7BA0DCFB29D3331C00BF13E1 /* Build configuration list for PBXProject "BmiCalc" */ = {
			isa = XCConfigurationList;
			buildConfigurations = (
				7BA0DD2229D3331D00BF13E1 /* Debug */,
				7BA0DD2329D3331D00BF13E1 /* Release */,
			);
			defaultConfigurationIsVisible = 0;
			defaultConfigurationName = Release;
		};
		7BA0DD2429D3331D00BF13E1 /* Build configuration list for PBXNativeTarget "BmiCalc" */ = {
			isa = XCConfigurationList;
			buildConfigurations = (
				7BA0DD2529D3331D00BF13E1 /* Debug */,
				7BA0DD2629D3331D00BF13E1 /* Release */,
			);
			defaultConfigurationIsVisible = 0;
			defaultConfigurationName = Release;
		};
		7BA0DD2729D3331D00BF13E1 /* Build configuration list for PBXNativeTarget "BmiCalcTests" */ = {
			isa = XCConfigurationList;
			buildConfigurations = (
				7BA0DD2829D3331D00BF13E1 /* Debug */,
				7BA0DD2929D3331D00BF13E1 /* Release */,
			);
			defaultConfigurationIsVisible = 0;
			defaultConfigurationName = Release;
		};
		7BA0DD2A29D3331D00BF13E1 /* Build configuration list for PBXNativeTarget "BmiCalcUITests" */ = {
			isa = XCConfigurationList;
			buildConfigurations = (
				7BA0DD2B29D3331D00BF13E1 /* Debug */,
				7BA0DD2C29D3331D00BF13E1 /* Release */,
			);
			defaultConfigurationIsVisible = 0;
			defaultConfigurationName = Release;
		};
/* End XCConfigurationList section */
	};
	rootObject = 7BA0DCF829D3331C00BF13E1 /* Project object */;
}
